
Microsoft Visual Studio Solution File, Format Version 12.00
# Visual Studio Version 17
VisualStudioVersion = 17.9.34616.47
MinimumVisualStudioVersion = 10.0.40219.1
Project("{FAE04EC0-301F-11D3-BF4B-00C04F79EFBC}") = "QuizManagementSystem.DataAccess", "QuizManagementSystem.DataAccess\QuizManagementSystem.DataAccess.csproj", "{375809E5-589E-4BC1-BA73-55C9F3AB502B}"
EndProject
Project("{FAE04EC0-301F-11D3-BF4B-00C04F79EFBC}") = "QuizManagementSystem.WebApi", "QuizManagementSystem.WebApi\QuizManagementSystem.WebApi.csproj", "{7A16702C-A3D7-4C66-8C37-D833D992441D}"
EndProject
Project("{FAE04EC0-301F-11D3-BF4B-00C04F79EFBC}") = "QuizManagementSystem.MVC", "QuizManagementSystem.MVC\QuizManagementSystem.MVC.csproj", "{98FAC780-3A09-4126-AD96-3E65076AAF3C}"
EndProject
Global
	GlobalSection(SolutionConfigurationPlatforms) = preSolution
		Debug|Any CPU = Debug|Any CPU
		Release|Any CPU = Release|Any CPU
	EndGlobalSection
	GlobalSection(ProjectConfigurationPlatforms) = postSolution
		{375809E5-589E-4BC1-BA73-55C9F3AB502B}.Debug|Any CPU.ActiveCfg = Debug|Any CPU
		{375809E5-589E-4BC1-BA73-55C9F3AB502B}.Debug|Any CPU.Build.0 = Debug|Any CPU
		{375809E5-589E-4BC1-BA73-55C9F3AB502B}.Release|Any CPU.ActiveCfg = Release|Any CPU
		{375809E5-589E-4BC1-BA73-55C9F3AB502B}.Release|Any CPU.Build.0 = Release|Any CPU
		{7A16702C-A3D7-4C66-8C37-D833D992441D}.Debug|Any CPU.ActiveCfg = Debug|Any CPU
		{7A16702C-A3D7-4C66-8C37-D833D992441D}.Debug|Any CPU.Build.0 = Debug|Any CPU
		{7A16702C-A3D7-4C66-8C37-D833D992441D}.Release|Any CPU.ActiveCfg = Release|Any CPU
		{7A16702C-A3D7-4C66-8C37-D833D992441D}.Release|Any CPU.Build.0 = Release|Any CPU
		{98FAC780-3A09-4126-AD96-3E65076AAF3C}.Debug|Any CPU.ActiveCfg = Debug|Any CPU
		{98FAC780-3A09-4126-AD96-3E65076AAF3C}.Debug|Any CPU.Build.0 = Debug|Any CPU
		{98FAC780-3A09-4126-AD96-3E65076AAF3C}.Release|Any CPU.ActiveCfg = Release|Any CPU
		{98FAC780-3A09-4126-AD96-3E65076AAF3C}.Release|Any CPU.Build.0 = Release|Any CPU
	EndGlobalSection
	GlobalSection(SolutionProperties) = preSolution
		HideSolutionNode = FALSE
	EndGlobalSection
	GlobalSection(ExtensibilityGlobals) = postSolution
		SolutionGuid = {59E2E56B-A6CB-4F98-9F45-DC22EFEB16BC}
	EndGlobalSection
EndGlobal
